
Microsoft Visual Studio Solution File, Format Version 12.00
# Visual Studio Version 16
VisualStudioVersion = 16.0.30114.105
MinimumVisualStudioVersion = 10.0.40219.1
Project("{F2A71F9B-5D33-465A-A702-920D77279786}") = "Day1", "Day1\Day1.fsproj", "{02A9DC10-501E-4BAD-9495-D0C4A7B3D37A}"
EndProject
Project("{F2A71F9B-5D33-465A-A702-920D77279786}") = "Day2", "Day2\Day2.fsproj", "{8DDC6793-D4F8-4C95-AB60-95DE2B077AC7}"
EndProject
Project("{F2A71F9B-5D33-465A-A702-920D77279786}") = "Day3", "Day3\Day3.fsproj", "{300CBF03-37C4-4B34-BBC1-348F009A1897}"
EndProject
Project("{F2A71F9B-5D33-465A-A702-920D77279786}") = "Day4", "Day4\Day4.fsproj", "{E481FD9F-FF4F-41F2-9765-CFA5A97CF8A4}"
EndProject
Project("{F2A71F9B-5D33-465A-A702-920D77279786}") = "Day5", "Day5\Day5.fsproj", "{79254553-E42D-4245-9F98-3AC5C96F5952}"
EndProject
Project("{F2A71F9B-5D33-465A-A702-920D77279786}") = "Day6", "Day6\Day6.fsproj", "{1B5676DD-7770-41C2-89CD-494E699A5BA8}"
EndProject
Global
	GlobalSection(SolutionConfigurationPlatforms) = preSolution
		Debug|Any CPU = Debug|Any CPU
		Release|Any CPU = Release|Any CPU
	EndGlobalSection
	GlobalSection(SolutionProperties) = preSolution
		HideSolutionNode = FALSE
	EndGlobalSection
	GlobalSection(ProjectConfigurationPlatforms) = postSolution
		{02A9DC10-501E-4BAD-9495-D0C4A7B3D37A}.Debug|Any CPU.ActiveCfg = Debug|Any CPU
		{02A9DC10-501E-4BAD-9495-D0C4A7B3D37A}.Debug|Any CPU.Build.0 = Debug|Any CPU
		{02A9DC10-501E-4BAD-9495-D0C4A7B3D37A}.Release|Any CPU.ActiveCfg = Release|Any CPU
		{02A9DC10-501E-4BAD-9495-D0C4A7B3D37A}.Release|Any CPU.Build.0 = Release|Any CPU
		{8DDC6793-D4F8-4C95-AB60-95DE2B077AC7}.Debug|Any CPU.ActiveCfg = Debug|Any CPU
		{8DDC6793-D4F8-4C95-AB60-95DE2B077AC7}.Debug|Any CPU.Build.0 = Debug|Any CPU
		{8DDC6793-D4F8-4C95-AB60-95DE2B077AC7}.Release|Any CPU.ActiveCfg = Release|Any CPU
		{8DDC6793-D4F8-4C95-AB60-95DE2B077AC7}.Release|Any CPU.Build.0 = Release|Any CPU
		{300CBF03-37C4-4B34-BBC1-348F009A1897}.Debug|Any CPU.ActiveCfg = Debug|Any CPU
		{300CBF03-37C4-4B34-BBC1-348F009A1897}.Debug|Any CPU.Build.0 = Debug|Any CPU
		{300CBF03-37C4-4B34-BBC1-348F009A1897}.Release|Any CPU.ActiveCfg = Release|Any CPU
		{300CBF03-37C4-4B34-BBC1-348F009A1897}.Release|Any CPU.Build.0 = Release|Any CPU
		{E481FD9F-FF4F-41F2-9765-CFA5A97CF8A4}.Debug|Any CPU.ActiveCfg = Debug|Any CPU
		{E481FD9F-FF4F-41F2-9765-CFA5A97CF8A4}.Debug|Any CPU.Build.0 = Debug|Any CPU
		{E481FD9F-FF4F-41F2-9765-CFA5A97CF8A4}.Release|Any CPU.ActiveCfg = Release|Any CPU
		{E481FD9F-FF4F-41F2-9765-CFA5A97CF8A4}.Release|Any CPU.Build.0 = Release|Any CPU
		{79254553-E42D-4245-9F98-3AC5C96F5952}.Debug|Any CPU.ActiveCfg = Debug|Any CPU
		{79254553-E42D-4245-9F98-3AC5C96F5952}.Debug|Any CPU.Build.0 = Debug|Any CPU
		{79254553-E42D-4245-9F98-3AC5C96F5952}.Release|Any CPU.ActiveCfg = Release|Any CPU
		{79254553-E42D-4245-9F98-3AC5C96F5952}.Release|Any CPU.Build.0 = Release|Any CPU
		{1B5676DD-7770-41C2-89CD-494E699A5BA8}.Debug|Any CPU.ActiveCfg = Debug|Any CPU
		{1B5676DD-7770-41C2-89CD-494E699A5BA8}.Debug|Any CPU.Build.0 = Debug|Any CPU
		{1B5676DD-7770-41C2-89CD-494E699A5BA8}.Release|Any CPU.ActiveCfg = Release|Any CPU
		{1B5676DD-7770-41C2-89CD-494E699A5BA8}.Release|Any CPU.Build.0 = Release|Any CPU
	EndGlobalSection
EndGlobal
